
Microsoft Visual Studio Solution File, Format Version 11.00
# Visual C# Express 2010
Project("{FAE04EC0-301F-11D3-BF4B-00C04F79EFBC}") = "networklb4", "networklb4\networklb4.csproj", "{00597834-34B5-4990-A6F0-45C615E5A8E1}"
EndProject
Global
	GlobalSection(SolutionConfigurationPlatforms) = preSolution
		Debug|x86 = Debug|x86
		Release|x86 = Release|x86
	EndGlobalSection
	GlobalSection(ProjectConfigurationPlatforms) = postSolution
		{00597834-34B5-4990-A6F0-45C615E5A8E1}.Debug|x86.ActiveCfg = Debug|x86
		{00597834-34B5-4990-A6F0-45C615E5A8E1}.Debug|x86.Build.0 = Debug|x86
		{00597834-34B5-4990-A6F0-45C615E5A8E1}.Release|x86.ActiveCfg = Release|x86
		{00597834-34B5-4990-A6F0-45C615E5A8E1}.Release|x86.Build.0 = Release|x86
	EndGlobalSection
	GlobalSection(SolutionProperties) = preSolution
		HideSolutionNode = FALSE
	EndGlobalSection
EndGlobal
